<?xml version="1.0" encoding="UTF-8" standalone="yes" ?>
<CodeBlocks_project_file>
	<FileVersion major="1" minor="6" />
	<Project>
		<Option title="SanaeGame" />
		<Option pch_mode="2" />
		<Option compiler="gcc" />
		<Build>
			<Target title="Debug">
				<Option output="bin/Debug/SanaeGame" prefix_auto="1" extension_auto="1" />
				<Option object_output="obj/Debug/" />
				<Option type="0" />
				<Option compiler="gcc" />
				<Compiler>
					<Add option="-g" />
				</Compiler>
				<ResourceCompiler>
					<Add directory="C:/Users/Sanae/Documents/SanaeGame/res" />
				</ResourceCompiler>
				<Linker>
					<Add option="-lopengl32 -mwindows -lglfw3dll -static-libstdc++ -static-libgcc" />
				</Linker>
			</Target>
		</Build>
		<Compiler>
			<Add option="-Wall" />
			<Add option="-fexceptions" />
		</Compiler>
		<Unit filename="res/res.rc">
			<Option compilerVar="WINDRES" />
		</Unit>
		<Unit filename="res/resource.h" />
		<Unit filename="res/sanae.ico" />
		<Unit filename="src/content.cpp" />
		<Unit filename="src/content.hh" />
		<Unit filename="src/events.hh" />
		<Unit filename="src/game.cpp" />
		<Unit filename="src/game.hh" />
		<Unit filename="src/main.cpp" />
		<Unit filename="src/scene.cpp" />
		<Unit filename="src/scene.hh" />
		<Unit filename="src/window.cpp" />
		<Unit filename="src/window.hh" />
		<Extensions>
			<code_completion />
			<envvars />
			<debugger />
			<lib_finder disable_auto="1" />
		</Extensions>
	</Project>
</CodeBlocks_project_file>
